
Microsoft Visual Studio Solution File, Format Version 12.00
# Visual Studio 15
VisualStudioVersion = 15.0.28010.2050
MinimumVisualStudioVersion = 10.0.40219.1
Project("{9A19103F-16F7-4668-BE54-9A1E7A4F7556}") = "ProjetoPim", "ProjetoPim\ProjetoPim.csproj", "{1E5A3965-3EED-4C26-AA42-89517FF631D3}"
EndProject
Project("{FAE04EC0-301F-11D3-BF4B-00C04F79EFBC}") = "Backup", "Backup\Backup.csproj", "{C905DD06-F068-4F83-B6FF-E86C6D081EF5}"
EndProject
Global
	GlobalSection(SolutionConfigurationPlatforms) = preSolution
		Debug|Any CPU = Debug|Any CPU
		Release|Any CPU = Release|Any CPU
	EndGlobalSection
	GlobalSection(ProjectConfigurationPlatforms) = postSolution
		{1E5A3965-3EED-4C26-AA42-89517FF631D3}.Debug|Any CPU.ActiveCfg = Debug|Any CPU
		{1E5A3965-3EED-4C26-AA42-89517FF631D3}.Debug|Any CPU.Build.0 = Debug|Any CPU
		{1E5A3965-3EED-4C26-AA42-89517FF631D3}.Release|Any CPU.ActiveCfg = Release|Any CPU
		{1E5A3965-3EED-4C26-AA42-89517FF631D3}.Release|Any CPU.Build.0 = Release|Any CPU
		{C905DD06-F068-4F83-B6FF-E86C6D081EF5}.Debug|Any CPU.ActiveCfg = Debug|Any CPU
		{C905DD06-F068-4F83-B6FF-E86C6D081EF5}.Debug|Any CPU.Build.0 = Debug|Any CPU
		{C905DD06-F068-4F83-B6FF-E86C6D081EF5}.Release|Any CPU.ActiveCfg = Release|Any CPU
		{C905DD06-F068-4F83-B6FF-E86C6D081EF5}.Release|Any CPU.Build.0 = Release|Any CPU
	EndGlobalSection
	GlobalSection(SolutionProperties) = preSolution
		HideSolutionNode = FALSE
	EndGlobalSection
	GlobalSection(ExtensibilityGlobals) = postSolution
		SolutionGuid = {A44929FB-6FD7-40D8-9D16-650DCED94F78}
	EndGlobalSection
EndGlobal
